// !$*UTF8*$!
{
	archiveVersion = 1;
	classes = {
	};
	objectVersion = 56;
	objects = {

/* Begin PBXBuildFile section */
		935DAA622C189891008F74F0 /* echosApp.swift in Sources */ = {isa = PBXBuildFile; fileRef = 935DAA612C189891008F74F0 /* echosApp.swift */; };
		935DAA642C189891008F74F0 /* ContentView.swift in Sources */ = {isa = PBXBuildFile; fileRef = 935DAA632C189891008F74F0 /* ContentView.swift */; };
		935DAA662C189893008F74F0 /* Assets.xcassets in Resources */ = {isa = PBXBuildFile; fileRef = 935DAA652C189893008F74F0 /* Assets.xcassets */; };
		935DAA692C189893008F74F0 /* Preview Assets.xcassets in Resources */ = {isa = PBXBuildFile; fileRef = 935DAA682C189893008F74F0 /* Preview Assets.xcassets */; };
		935DAA732C189893008F74F0 /* echosTests.swift in Sources */ = {isa = PBXBuildFile; fileRef = 935DAA722C189893008F74F0 /* echosTests.swift */; };
		935DAA7D2C189893008F74F0 /* echosUITests.swift in Sources */ = {isa = PBXBuildFile; fileRef = 935DAA7C2C189893008F74F0 /* echosUITests.swift */; };
		935DAA7F2C189893008F74F0 /* echosUITestsLaunchTests.swift in Sources */ = {isa = PBXBuildFile; fileRef = 935DAA7E2C189893008F74F0 /* echosUITestsLaunchTests.swift */; };
/* End PBXBuildFile section */

/* Begin PBXContainerItemProxy section */
		935DAA6F2C189893008F74F0 /* PBXContainerItemProxy */ = {
			isa = PBXContainerItemProxy;
			containerPortal = 935DAA562C189891008F74F0 /* Project object */;
			proxyType = 1;
			remoteGlobalIDString = 935DAA5D2C189891008F74F0;
			remoteInfo = echos;
		};
		935DAA792C189893008F74F0 /* PBXContainerItemProxy */ = {
			isa = PBXContainerItemProxy;
			containerPortal = 935DAA562C189891008F74F0 /* Project object */;
			proxyType = 1;
			remoteGlobalIDString = 935DAA5D2C189891008F74F0;
			remoteInfo = echos;
		};
/* End PBXContainerItemProxy section */

/* Begin PBXFileReference section */
		935DAA5E2C189891008F74F0 /* echos.app */ = {isa = PBXFileReference; explicitFileType = wrapper.application; includeInIndex = 0; path = echos.app; sourceTree = BUILT_PRODUCTS_DIR; };
		935DAA612C189891008F74F0 /* echosApp.swift */ = {isa = PBXFileReference; lastKnownFileType = sourcecode.swift; path = echosApp.swift; sourceTree = "<group>"; };
		935DAA632C189891008F74F0 /* ContentView.swift */ = {isa = PBXFileReference; lastKnownFileType = sourcecode.swift; path = ContentView.swift; sourceTree = "<group>"; };
		935DAA652C189893008F74F0 /* Assets.xcassets */ = {isa = PBXFileReference; lastKnownFileType = folder.assetcatalog; path = Assets.xcassets; sourceTree = "<group>"; };
		935DAA682C189893008F74F0 /* Preview Assets.xcassets */ = {isa = PBXFileReference; lastKnownFileType = folder.assetcatalog; path = "Preview Assets.xcassets"; sourceTree = "<group>"; };
		935DAA6E2C189893008F74F0 /* echosTests.xctest */ = {isa = PBXFileReference; explicitFileType = wrapper.cfbundle; includeInIndex = 0; path = echosTests.xctest; sourceTree = BUILT_PRODUCTS_DIR; };
		935DAA722C189893008F74F0 /* echosTests.swift */ = {isa = PBXFileReference; lastKnownFileType = sourcecode.swift; path = echosTests.swift; sourceTree = "<group>"; };
		935DAA782C189893008F74F0 /* echosUITests.xctest */ = {isa = PBXFileReference; explicitFileType = wrapper.cfbundle; includeInIndex = 0; path = echosUITests.xctest; sourceTree = BUILT_PRODUCTS_DIR; };
		935DAA7C2C189893008F74F0 /* echosUITests.swift */ = {isa = PBXFileReference; lastKnownFileType = sourcecode.swift; path = echosUITests.swift; sourceTree = "<group>"; };
		935DAA7E2C189893008F74F0 /* echosUITestsLaunchTests.swift */ = {isa = PBXFileReference; lastKnownFileType = sourcecode.swift; path = echosUITestsLaunchTests.swift; sourceTree = "<group>"; };
/* End PBXFileReference section */

/* Begin PBXFrameworksBuildPhase section */
		935DAA5B2C189891008F74F0 /* Frameworks */ = {
			isa = PBXFrameworksBuildPhase;
			buildActionMask = 2147483647;
			files = (
			);
			runOnlyForDeploymentPostprocessing = 0;
		};
		935DAA6B2C189893008F74F0 /* Frameworks */ = {
			isa = PBXFrameworksBuildPhase;
			buildActionMask = 2147483647;
			files = (
			);
			runOnlyForDeploymentPostprocessing = 0;
		};
		935DAA752C189893008F74F0 /* Frameworks */ = {
			isa = PBXFrameworksBuildPhase;
			buildActionMask = 2147483647;
			files = (
			);
			runOnlyForDeploymentPostprocessing = 0;
		};
/* End PBXFrameworksBuildPhase section */

/* Begin PBXGroup section */
		935DAA552C189891008F74F0 = {
			isa = PBXGroup;
			children = (
				935DAA602C189891008F74F0 /* echos */,
				935DAA712C189893008F74F0 /* echosTests */,
				935DAA7B2C189893008F74F0 /* echosUITests */,
				935DAA5F2C189891008F74F0 /* Products */,
			);
			sourceTree = "<group>";
		};
		935DAA5F2C189891008F74F0 /* Products */ = {
			isa = PBXGroup;
			children = (
				935DAA5E2C189891008F74F0 /* echos.app */,
				935DAA6E2C189893008F74F0 /* echosTests.xctest */,
				935DAA782C189893008F74F0 /* echosUITests.xctest */,
			);
			name = Products;
			sourceTree = "<group>";
		};
		935DAA602C189891008F74F0 /* echos */ = {
			isa = PBXGroup;
			children = (
				935DAA612C189891008F74F0 /* echosApp.swift */,
				935DAA632C189891008F74F0 /* ContentView.swift */,
				935DAA652C189893008F74F0 /* Assets.xcassets */,
				935DAA672C189893008F74F0 /* Preview Content */,
			);
			path = echos;
			sourceTree = "<group>";
		};
		935DAA672C189893008F74F0 /* Preview Content */ = {
			isa = PBXGroup;
			children = (
				935DAA682C189893008F74F0 /* Preview Assets.xcassets */,
			);
			path = "Preview Content";
			sourceTree = "<group>";
		};
		935DAA712C189893008F74F0 /* echosTests */ = {
			isa = PBXGroup;
			children = (
				935DAA722C189893008F74F0 /* echosTests.swift */,
			);
			path = echosTests;
			sourceTree = "<group>";
		};
		935DAA7B2C189893008F74F0 /* echosUITests */ = {
			isa = PBXGroup;
			children = (
				935DAA7C2C189893008F74F0 /* echosUITests.swift */,
				935DAA7E2C189893008F74F0 /* echosUITestsLaunchTests.swift */,
			);
			path = echosUITests;
			sourceTree = "<group>";
		};
/* End PBXGroup section */

/* Begin PBXNativeTarget section */
		935DAA5D2C189891008F74F0 /* echos */ = {
			isa = PBXNativeTarget;
			buildConfigurationList = 935DAA822C189893008F74F0 /* Build configuration list for PBXNativeTarget "echos" */;
			buildPhases = (
				935DAA5A2C189891008F74F0 /* Sources */,
				935DAA5B2C189891008F74F0 /* Frameworks */,
				935DAA5C2C189891008F74F0 /* Resources */,
			);
			buildRules = (
			);
			dependencies = (
			);
			name = echos;
			productName = echos;
			productReference = 935DAA5E2C189891008F74F0 /* echos.app */;
			productType = "com.apple.product-type.application";
		};
		935DAA6D2C189893008F74F0 /* echosTests */ = {
			isa = PBXNativeTarget;
			buildConfigurationList = 935DAA852C189893008F74F0 /* Build configuration list for PBXNativeTarget "echosTests" */;
			buildPhases = (
				935DAA6A2C189893008F74F0 /* Sources */,
				935DAA6B2C189893008F74F0 /* Frameworks */,
				935DAA6C2C189893008F74F0 /* Resources */,
			);
			buildRules = (
			);
			dependencies = (
				935DAA702C189893008F74F0 /* PBXTargetDependency */,
			);
			name = echosTests;
			productName = echosTests;
			productReference = 935DAA6E2C189893008F74F0 /* echosTests.xctest */;
			productType = "com.apple.product-type.bundle.unit-test";
		};
		935DAA772C189893008F74F0 /* echosUITests */ = {
			isa = PBXNativeTarget;
			buildConfigurationList = 935DAA882C189893008F74F0 /* Build configuration list for PBXNativeTarget "echosUITests" */;
			buildPhases = (
				935DAA742C189893008F74F0 /* Sources */,
				935DAA752C189893008F74F0 /* Frameworks */,
				935DAA762C189893008F74F0 /* Resources */,
			);
			buildRules = (
			);
			dependencies = (
				935DAA7A2C189893008F74F0 /* PBXTargetDependency */,
			);
			name = echosUITests;
			productName = echosUITests;
			productReference = 935DAA782C189893008F74F0 /* echosUITests.xctest */;
			productType = "com.apple.product-type.bundle.ui-testing";
		};
/* End PBXNativeTarget section */

/* Begin PBXProject section */
		935DAA562C189891008F74F0 /* Project object */ = {
			isa = PBXProject;
			attributes = {
				BuildIndependentTargetsInParallel = 1;
				LastSwiftUpdateCheck = 1520;
				LastUpgradeCheck = 1520;
				TargetAttributes = {
					935DAA5D2C189891008F74F0 = {
						CreatedOnToolsVersion = 15.2;
					};
					935DAA6D2C189893008F74F0 = {
						CreatedOnToolsVersion = 15.2;
						TestTargetID = 935DAA5D2C189891008F74F0;
					};
					935DAA772C189893008F74F0 = {
						CreatedOnToolsVersion = 15.2;
						TestTargetID = 935DAA5D2C189891008F74F0;
					};
				};
			};
			buildConfigurationList = 935DAA592C189891008F74F0 /* Build configuration list for PBXProject "echos" */;
			compatibilityVersion = "Xcode 14.0";
			developmentRegion = en;
			hasScannedForEncodings = 0;
			knownRegions = (
				en,
				Base,
			);
			mainGroup = 935DAA552C189891008F74F0;
			productRefGroup = 935DAA5F2C189891008F74F0 /* Products */;
			projectDirPath = "";
			projectRoot = "";
			targets = (
				935DAA5D2C189891008F74F0 /* echos */,
				935DAA6D2C189893008F74F0 /* echosTests */,
				935DAA772C189893008F74F0 /* echosUITests */,
			);
		};
/* End PBXProject section */

/* Begin PBXResourcesBuildPhase section */
		935DAA5C2C189891008F74F0 /* Resources */ = {
			isa = PBXResourcesBuildPhase;
			buildActionMask = 2147483647;
			files = (
				935DAA692C189893008F74F0 /* Preview Assets.xcassets in Resources */,
				935DAA662C189893008F74F0 /* Assets.xcassets in Resources */,
			);
			runOnlyForDeploymentPostprocessing = 0;
		};
		935DAA6C2C189893008F74F0 /* Resources */ = {
			isa = PBXResourcesBuildPhase;
			buildActionMask = 2147483647;
			files = (
			);
			runOnlyForDeploymentPostprocessing = 0;
		};
		935DAA762C189893008F74F0 /* Resources */ = {
			isa = PBXResourcesBuildPhase;
			buildActionMask = 2147483647;
			files = (
			);
			runOnlyForDeploymentPostprocessing = 0;
		};
/* End PBXResourcesBuildPhase section */

/* Begin PBXSourcesBuildPhase section */
		935DAA5A2C189891008F74F0 /* Sources */ = {
			isa = PBXSourcesBuildPhase;
			buildActionMask = 2147483647;
			files = (
				935DAA642C189891008F74F0 /* ContentView.swift in Sources */,
				935DAA622C189891008F74F0 /* echosApp.swift in Sources */,
			);
			runOnlyForDeploymentPostprocessing = 0;
		};
		935DAA6A2C189893008F74F0 /* Sources */ = {
			isa = PBXSourcesBuildPhase;
			buildActionMask = 2147483647;
			files = (
				935DAA732C189893008F74F0 /* echosTests.swift in Sources */,
			);
			runOnlyForDeploymentPostprocessing = 0;
		};
		935DAA742C189893008F74F0 /* Sources */ = {
			isa = PBXSourcesBuildPhase;
			buildActionMask = 2147483647;
			files = (
				935DAA7D2C189893008F74F0 /* echosUITests.swift in Sources */,
				935DAA7F2C189893008F74F0 /* echosUITestsLaunchTests.swift in Sources */,
			);
			runOnlyForDeploymentPostprocessing = 0;
		};
/* End PBXSourcesBuildPhase section */

/* Begin PBXTargetDependency section */
		935DAA702C189893008F74F0 /* PBXTargetDependency */ = {
			isa = PBXTargetDependency;
			target = 935DAA5D2C189891008F74F0 /* echos */;
			targetProxy = 935DAA6F2C189893008F74F0 /* PBXContainerItemProxy */;
		};
		935DAA7A2C189893008F74F0 /* PBXTargetDependency */ = {
			isa = PBXTargetDependency;
			target = 935DAA5D2C189891008F74F0 /* echos */;
			targetProxy = 935DAA792C189893008F74F0 /* PBXContainerItemProxy */;
		};
/* End PBXTargetDependency section */

/* Begin XCBuildConfiguration section */
		935DAA802C189893008F74F0 /* Debug */ = {
			isa = XCBuildConfiguration;
			buildSettings = {
				ALWAYS_SEARCH_USER_PATHS = NO;
				ASSETCATALOG_COMPILER_GENERATE_SWIFT_ASSET_SYMBOL_EXTENSIONS = YES;
				CLANG_ANALYZER_NONNULL = YES;
				CLANG_ANALYZER_NUMBER_OBJECT_CONVERSION = YES_AGGRESSIVE;
				CLANG_CXX_LANGUAGE_STANDARD = "gnu++20";
				CLANG_ENABLE_MODULES = YES;
				CLANG_ENABLE_OBJC_ARC = YES;
				CLANG_ENABLE_OBJC_WEAK = YES;
				CLANG_WARN_BLOCK_CAPTURE_AUTORELEASING = YES;
				CLANG_WARN_BOOL_CONVERSION = YES;
				CLANG_WARN_COMMA = YES;
				CLANG_WARN_CONSTANT_CONVERSION = YES;
				CLANG_WARN_DEPRECATED_OBJC_IMPLEMENTATIONS = YES;
				CLANG_WARN_DIRECT_OBJC_ISA_USAGE = YES_ERROR;
				CLANG_WARN_DOCUMENTATION_COMMENTS = YES;
				CLANG_WARN_EMPTY_BODY = YES;
				CLANG_WARN_ENUM_CONVERSION = YES;
				CLANG_WARN_INFINITE_RECURSION = YES;
				CLANG_WARN_INT_CONVERSION = YES;
				CLANG_WARN_NON_LITERAL_NULL_CONVERSION = YES;
				CLANG_WARN_OBJC_IMPLICIT_RETAIN_SELF = YES;
				CLANG_WARN_OBJC_LITERAL_CONVERSION = YES;
				CLANG_WARN_OBJC_ROOT_CLASS = YES_ERROR;
				CLANG_WARN_QUOTED_INCLUDE_IN_FRAMEWORK_HEADER = YES;
				CLANG_WARN_RANGE_LOOP_ANALYSIS = YES;
				CLANG_WARN_STRICT_PROTOTYPES = YES;
				CLANG_WARN_SUSPICIOUS_MOVE = YES;
				CLANG_WARN_UNGUARDED_AVAILABILITY = YES_AGGRESSIVE;
				CLANG_WARN_UNREACHABLE_CODE = YES;
				CLANG_WARN__DUPLICATE_METHOD_MATCH = YES;
				COPY_PHASE_STRIP = NO;
				DEBUG_INFORMATION_FORMAT = dwarf;
				ENABLE_STRICT_OBJC_MSGSEND = YES;
				ENABLE_TESTABILITY = YES;
				ENABLE_USER_SCRIPT_SANDBOXING = YES;
				GCC_C_LANGUAGE_STANDARD = gnu17;
				GCC_DYNAMIC_NO_PIC = NO;
				GCC_NO_COMMON_BLOCKS = YES;
				GCC_OPTIMIZATION_LEVEL = 0;
				GCC_PREPROCESSOR_DEFINITIONS = (
					"DEBUG=1",
					"$(inherited)",
				);
				GCC_WARN_64_TO_32_BIT_CONVERSION = YES;
				GCC_WARN_ABOUT_RETURN_TYPE = YES_ERROR;
				GCC_WARN_UNDECLARED_SELECTOR = YES;
				GCC_WARN_UNINITIALIZED_AUTOS = YES_AGGRESSIVE;
				GCC_WARN_UNUSED_FUNCTION = YES;
				GCC_WARN_UNUSED_VARIABLE = YES;
				IPHONEOS_DEPLOYMENT_TARGET = 17.2;
				LOCALIZATION_PREFERS_STRING_CATALOGS = YES;
				MTL_ENABLE_DEBUG_INFO = INCLUDE_SOURCE;
				MTL_FAST_MATH = YES;
				ONLY_ACTIVE_ARCH = YES;
				SDKROOT = iphoneos;
				SWIFT_ACTIVE_COMPILATION_CONDITIONS = "DEBUG $(inherited)";
				SWIFT_OPTIMIZATION_LEVEL = "-Onone";
			};
			name = Debug;
		};
		935DAA812C189893008F74F0 /* Release */ = {
			isa = XCBuildConfiguration;
			buildSettings = {
				ALWAYS_SEARCH_USER_PATHS = NO;
				ASSETCATALOG_COMPILER_GENERATE_SWIFT_ASSET_SYMBOL_EXTENSIONS = YES;
				CLANG_ANALYZER_NONNULL = YES;
				CLANG_ANALYZER_NUMBER_OBJECT_CONVERSION = YES_AGGRESSIVE;
				CLANG_CXX_LANGUAGE_STANDARD = "gnu++20";
				CLANG_ENABLE_MODULES = YES;
				CLANG_ENABLE_OBJC_ARC = YES;
				CLANG_ENABLE_OBJC_WEAK = YES;
				CLANG_WARN_BLOCK_CAPTURE_AUTORELEASING = YES;
				CLANG_WARN_BOOL_CONVERSION = YES;
				CLANG_WARN_COMMA = YES;
				CLANG_WARN_CONSTANT_CONVERSION = YES;
				CLANG_WARN_DEPRECATED_OBJC_IMPLEMENTATIONS = YES;
				CLANG_WARN_DIRECT_OBJC_ISA_USAGE = YES_ERROR;
				CLANG_WARN_DOCUMENTATION_COMMENTS = YES;
				CLANG_WARN_EMPTY_BODY = YES;
				CLANG_WARN_ENUM_CONVERSION = YES;
				CLANG_WARN_INFINITE_RECURSION = YES;
				CLANG_WARN_INT_CONVERSION = YES;
				CLANG_WARN_NON_LITERAL_NULL_CONVERSION = YES;
				CLANG_WARN_OBJC_IMPLICIT_RETAIN_SELF = YES;
				CLANG_WARN_OBJC_LITERAL_CONVERSION = YES;
				CLANG_WARN_OBJC_ROOT_CLASS = YES_ERROR;
				CLANG_WARN_QUOTED_INCLUDE_IN_FRAMEWORK_HEADER = YES;
				CLANG_WARN_RANGE_LOOP_ANALYSIS = YES;
				CLANG_WARN_STRICT_PROTOTYPES = YES;
				CLANG_WARN_SUSPICIOUS_MOVE = YES;
				CLANG_WARN_UNGUARDED_AVAILABILITY = YES_AGGRESSIVE;
				CLANG_WARN_UNREACHABLE_CODE = YES;
				CLANG_WARN__DUPLICATE_METHOD_MATCH = YES;
				COPY_PHASE_STRIP = NO;
				DEBUG_INFORMATION_FORMAT = "dwarf-with-dsym";
				ENABLE_NS_ASSERTIONS = NO;
				ENABLE_STRICT_OBJC_MSGSEND = YES;
				ENABLE_USER_SCRIPT_SANDBOXING = YES;
				GCC_C_LANGUAGE_STANDARD = gnu17;
				GCC_NO_COMMON_BLOCKS = YES;
				GCC_WARN_64_TO_32_BIT_CONVERSION = YES;
				GCC_WARN_ABOUT_RETURN_TYPE = YES_ERROR;
				GCC_WARN_UNDECLARED_SELECTOR = YES;
				GCC_WARN_UNINITIALIZED_AUTOS = YES_AGGRESSIVE;
				GCC_WARN_UNUSED_FUNCTION = YES;
				GCC_WARN_UNUSED_VARIABLE = YES;
				IPHONEOS_DEPLOYMENT_TARGET = 17.2;
				LOCALIZATION_PREFERS_STRING_CATALOGS = YES;
				MTL_ENABLE_DEBUG_INFO = NO;
				MTL_FAST_MATH = YES;
				SDKROOT = iphoneos;
				SWIFT_COMPILATION_MODE = wholemodule;
				VALIDATE_PRODUCT = YES;
			};
			name = Release;
		};
		935DAA832C189893008F74F0 /* Debug */ = {
			isa = XCBuildConfiguration;
			buildSettings = {
				ASSETCATALOG_COMPILER_APPICON_NAME = AppIcon;
				ASSETCATALOG_COMPILER_GLOBAL_ACCENT_COLOR_NAME = AccentColor;
				CODE_SIGN_STYLE = Automatic;
				CURRENT_PROJECT_VERSION = 1;
				DEVELOPMENT_ASSET_PATHS = "\"echos/Preview Content\"";
				DEVELOPMENT_TEAM = AF45UURM92;
				ENABLE_PREVIEWS = YES;
				GENERATE_INFOPLIST_FILE = YES;
				INFOPLIST_KEY_UIApplicationSceneManifest_Generation = YES;
				INFOPLIST_KEY_UIApplicationSupportsIndirectInputEvents = YES;
				INFOPLIST_KEY_UILaunchScreen_Generation = YES;
				INFOPLIST_KEY_UISupportedInterfaceOrientations_iPad = "UIInterfaceOrientationPortrait UIInterfaceOrientationPortraitUpsideDown UIInterfaceOrientationLandscapeLeft UIInterfaceOrientationLandscapeRight";
				INFOPLIST_KEY_UISupportedInterfaceOrientations_iPhone = "UIInterfaceOrientationPortrait UIInterfaceOrientationLandscapeLeft UIInterfaceOrientationLandscapeRight";
				LD_RUNPATH_SEARCH_PATHS = (
					"$(inherited)",
					"@executable_path/Frameworks",
				);
				MARKETING_VERSION = 1.0;
				PRODUCT_BUNDLE_IDENTIFIER = co.echos;
				PRODUCT_NAME = "$(TARGET_NAME)";
				SWIFT_EMIT_LOC_STRINGS = YES;
				SWIFT_VERSION = 5.0;
				TARGETED_DEVICE_FAMILY = "1,2";
			};
			name = Debug;
		};
		935DAA842C189893008F74F0 /* Release */ = {
			isa = XCBuildConfiguration;
			buildSettings = {
				ASSETCATALOG_COMPILER_APPICON_NAME = AppIcon;
				ASSETCATALOG_COMPILER_GLOBAL_ACCENT_COLOR_NAME = AccentColor;
				CODE_SIGN_STYLE = Automatic;
				CURRENT_PROJECT_VERSION = 1;
				DEVELOPMENT_ASSET_PATHS = "\"echos/Preview Content\"";
				DEVELOPMENT_TEAM = AF45UURM92;
				ENABLE_PREVIEWS = YES;
				GENERATE_INFOPLIST_FILE = YES;
				INFOPLIST_KEY_UIApplicationSceneManifest_Generation = YES;
				INFOPLIST_KEY_UIApplicationSupportsIndirectInputEvents = YES;
				INFOPLIST_KEY_UILaunchScreen_Generation = YES;
				INFOPLIST_KEY_UISupportedInterfaceOrientations_iPad = "UIInterfaceOrientationPortrait UIInterfaceOrientationPortraitUpsideDown UIInterfaceOrientationLandscapeLeft UIInterfaceOrientationLandscapeRight";
				INFOPLIST_KEY_UISupportedInterfaceOrientations_iPhone = "UIInterfaceOrientationPortrait UIInterfaceOrientationLandscapeLeft UIInterfaceOrientationLandscapeRight";
				LD_RUNPATH_SEARCH_PATHS = (
					"$(inherited)",
					"@executable_path/Frameworks",
				);
				MARKETING_VERSION = 1.0;
				PRODUCT_BUNDLE_IDENTIFIER = co.echos;
				PRODUCT_NAME = "$(TARGET_NAME)";
				SWIFT_EMIT_LOC_STRINGS = YES;
				SWIFT_VERSION = 5.0;
				TARGETED_DEVICE_FAMILY = "1,2";
			};
			name = Release;
		};
		935DAA862C189893008F74F0 /* Debug */ = {
			isa = XCBuildConfiguration;
			buildSettings = {
				ALWAYS_EMBED_SWIFT_STANDARD_LIBRARIES = YES;
				BUNDLE_LOADER = "$(TEST_HOST)";
				CODE_SIGN_STYLE = Automatic;
				CURRENT_PROJECT_VERSION = 1;
				DEVELOPMENT_TEAM = AF45UURM92;
				GENERATE_INFOPLIST_FILE = YES;
				IPHONEOS_DEPLOYMENT_TARGET = 17.2;
				MARKETING_VERSION = 1.0;
				PRODUCT_BUNDLE_IDENTIFIER = co.echosTests;
				PRODUCT_NAME = "$(TARGET_NAME)";
				SWIFT_EMIT_LOC_STRINGS = NO;
				SWIFT_VERSION = 5.0;
				TARGETED_DEVICE_FAMILY = "1,2";
				TEST_HOST = "$(BUILT_PRODUCTS_DIR)/echos.app/$(BUNDLE_EXECUTABLE_FOLDER_PATH)/echos";
			};
			name = Debug;
		};
		935DAA872C189893008F74F0 /* Release */ = {
			isa = XCBuildConfiguration;
			buildSettings = {
				ALWAYS_EMBED_SWIFT_STANDARD_LIBRARIES = YES;
				BUNDLE_LOADER = "$(TEST_HOST)";
				CODE_SIGN_STYLE = Automatic;
				CURRENT_PROJECT_VERSION = 1;
				DEVELOPMENT_TEAM = AF45UURM92;
				GENERATE_INFOPLIST_FILE = YES;
				IPHONEOS_DEPLOYMENT_TARGET = 17.2;
				MARKETING_VERSION = 1.0;
				PRODUCT_BUNDLE_IDENTIFIER = co.echosTests;
				PRODUCT_NAME = "$(TARGET_NAME)";
				SWIFT_EMIT_LOC_STRINGS = NO;
				SWIFT_VERSION = 5.0;
				TARGETED_DEVICE_FAMILY = "1,2";
				TEST_HOST = "$(BUILT_PRODUCTS_DIR)/echos.app/$(BUNDLE_EXECUTABLE_FOLDER_PATH)/echos";
			};
			name = Release;
		};
		935DAA892C189893008F74F0 /* Debug */ = {
			isa = XCBuildConfiguration;
			buildSettings = {
				ALWAYS_EMBED_SWIFT_STANDARD_LIBRARIES = YES;
				CODE_SIGN_STYLE = Automatic;
				CURRENT_PROJECT_VERSION = 1;
				DEVELOPMENT_TEAM = AF45UURM92;
				GENERATE_INFOPLIST_FILE = YES;
				MARKETING_VERSION = 1.0;
				PRODUCT_BUNDLE_IDENTIFIER = co.echosUITests;
				PRODUCT_NAME = "$(TARGET_NAME)";
				SWIFT_EMIT_LOC_STRINGS = NO;
				SWIFT_VERSION = 5.0;
				TARGETED_DEVICE_FAMILY = "1,2";
				TEST_TARGET_NAME = echos;
			};
			name = Debug;
		};
		935DAA8A2C189893008F74F0 /* Release */ = {
			isa = XCBuildConfiguration;
			buildSettings = {
				ALWAYS_EMBED_SWIFT_STANDARD_LIBRARIES = YES;
				CODE_SIGN_STYLE = Automatic;
				CURRENT_PROJECT_VERSION = 1;
				DEVELOPMENT_TEAM = AF45UURM92;
				GENERATE_INFOPLIST_FILE = YES;
				MARKETING_VERSION = 1.0;
				PRODUCT_BUNDLE_IDENTIFIER = co.echosUITests;
				PRODUCT_NAME = "$(TARGET_NAME)";
				SWIFT_EMIT_LOC_STRINGS = NO;
				SWIFT_VERSION = 5.0;
				TARGETED_DEVICE_FAMILY = "1,2";
				TEST_TARGET_NAME = echos;
			};
			name = Release;
		};
/* End XCBuildConfiguration section */

/* Begin XCConfigurationList section */
		935DAA592C189891008F74F0 /* Build configuration list for PBXProject "echos" */ = {
			isa = XCConfigurationList;
			buildConfigurations = (
				935DAA802C189893008F74F0 /* Debug */,
				935DAA812C189893008F74F0 /* Release */,
			);
			defaultConfigurationIsVisible = 0;
			defaultConfigurationName = Release;
		};
		935DAA822C189893008F74F0 /* Build configuration list for PBXNativeTarget "echos" */ = {
			isa = XCConfigurationList;
			buildConfigurations = (
				935DAA832C189893008F74F0 /* Debug */,
				935DAA842C189893008F74F0 /* Release */,
			);
			defaultConfigurationIsVisible = 0;
			defaultConfigurationName = Release;
		};
		935DAA852C189893008F74F0 /* Build configuration list for PBXNativeTarget "echosTests" */ = {
			isa = XCConfigurationList;
			buildConfigurations = (
				935DAA862C189893008F74F0 /* Debug */,
				935DAA872C189893008F74F0 /* Release */,
			);
			defaultConfigurationIsVisible = 0;
			defaultConfigurationName = Release;
		};
		935DAA882C189893008F74F0 /* Build configuration list for PBXNativeTarget "echosUITests" */ = {
			isa = XCConfigurationList;
			buildConfigurations = (
				935DAA892C189893008F74F0 /* Debug */,
				935DAA8A2C189893008F74F0 /* Release */,
			);
			defaultConfigurationIsVisible = 0;
			defaultConfigurationName = Release;
		};
/* End XCConfigurationList section */
	};
	rootObject = 935DAA562C189891008F74F0 /* Project object */;
}
